// !$*UTF8*$!
{
	archiveVersion = 1;
	classes = {
	};
	objectVersion = 56;
	objects = {

/* Begin PBXBuildFile section */
		354F481E2C15CEF800290A4B /* NekomaMap2App.swift in Sources */ = {isa = PBXBuildFile; fileRef = 354F481D2C15CEF800290A4B /* NekomaMap2App.swift */; };
		354F48202C15CEF800290A4B /* ContentView.swift in Sources */ = {isa = PBXBuildFile; fileRef = 354F481F2C15CEF800290A4B /* ContentView.swift */; };
		354F48222C15CEFA00290A4B /* Assets.xcassets in Resources */ = {isa = PBXBuildFile; fileRef = 354F48212C15CEFA00290A4B /* Assets.xcassets */; };
		354F48252C15CEFA00290A4B /* Preview Assets.xcassets in Resources */ = {isa = PBXBuildFile; fileRef = 354F48242C15CEFA00290A4B /* Preview Assets.xcassets */; };
		354F482E2C15D8DE00290A4B /* DungeonRoomModel.swift in Sources */ = {isa = PBXBuildFile; fileRef = 354F482D2C15D8DE00290A4B /* DungeonRoomModel.swift */; };
		357830562C1AD224007043F2 /* StartView.swift in Sources */ = {isa = PBXBuildFile; fileRef = 357830552C1AD224007043F2 /* StartView.swift */; };
		357830582C1AD900007043F2 /* LoadingView.swift in Sources */ = {isa = PBXBuildFile; fileRef = 357830572C1AD900007043F2 /* LoadingView.swift */; };
		3578305A2C1AE549007043F2 /* StartViewModel.swift in Sources */ = {isa = PBXBuildFile; fileRef = 357830592C1AE549007043F2 /* StartViewModel.swift */; };
		35FBC7912C1707EB004F9CD2 /* DungeonScene.swift in Sources */ = {isa = PBXBuildFile; fileRef = 35FBC7902C1707EB004F9CD2 /* DungeonScene.swift */; };
		E032397F2C1B16C100A6D58B /* EnemyModel.swift in Sources */ = {isa = PBXBuildFile; fileRef = E032397E2C1B16C100A6D58B /* EnemyModel.swift */; };
		FF6598DF2C1AF83100B0F876 /* Enemy.swift in Sources */ = {isa = PBXBuildFile; fileRef = FF6598DE2C1AF83100B0F876 /* Enemy.swift */; };
/* End PBXBuildFile section */

/* Begin PBXFileReference section */
		354F481A2C15CEF800290A4B /* NekomaMap2.app */ = {isa = PBXFileReference; explicitFileType = wrapper.application; includeInIndex = 0; path = NekomaMap2.app; sourceTree = BUILT_PRODUCTS_DIR; };
		354F481D2C15CEF800290A4B /* NekomaMap2App.swift */ = {isa = PBXFileReference; lastKnownFileType = sourcecode.swift; path = NekomaMap2App.swift; sourceTree = "<group>"; };
		354F481F2C15CEF800290A4B /* ContentView.swift */ = {isa = PBXFileReference; lastKnownFileType = sourcecode.swift; path = ContentView.swift; sourceTree = "<group>"; };
		354F48212C15CEFA00290A4B /* Assets.xcassets */ = {isa = PBXFileReference; lastKnownFileType = folder.assetcatalog; path = Assets.xcassets; sourceTree = "<group>"; };
		354F48242C15CEFA00290A4B /* Preview Assets.xcassets */ = {isa = PBXFileReference; lastKnownFileType = folder.assetcatalog; path = "Preview Assets.xcassets"; sourceTree = "<group>"; };
		354F482D2C15D8DE00290A4B /* DungeonRoomModel.swift */ = {isa = PBXFileReference; lastKnownFileType = sourcecode.swift; path = DungeonRoomModel.swift; sourceTree = "<group>"; };
		357830552C1AD224007043F2 /* StartView.swift */ = {isa = PBXFileReference; lastKnownFileType = sourcecode.swift; path = StartView.swift; sourceTree = "<group>"; };
		357830572C1AD900007043F2 /* LoadingView.swift */ = {isa = PBXFileReference; lastKnownFileType = sourcecode.swift; path = LoadingView.swift; sourceTree = "<group>"; };
		357830592C1AE549007043F2 /* StartViewModel.swift */ = {isa = PBXFileReference; lastKnownFileType = sourcecode.swift; path = StartViewModel.swift; sourceTree = "<group>"; };
		35FBC7902C1707EB004F9CD2 /* DungeonScene.swift */ = {isa = PBXFileReference; lastKnownFileType = sourcecode.swift; path = DungeonScene.swift; sourceTree = "<group>"; };
		E032397E2C1B16C100A6D58B /* EnemyModel.swift */ = {isa = PBXFileReference; fileEncoding = 4; lastKnownFileType = sourcecode.swift; path = EnemyModel.swift; sourceTree = "<group>"; };
		FF6598DE2C1AF83100B0F876 /* Enemy.swift */ = {isa = PBXFileReference; lastKnownFileType = sourcecode.swift; path = Enemy.swift; sourceTree = "<group>"; };
/* End PBXFileReference section */

/* Begin PBXFrameworksBuildPhase section */
		354F48172C15CEF800290A4B /* Frameworks */ = {
			isa = PBXFrameworksBuildPhase;
			buildActionMask = 2147483647;
			files = (
			);
			runOnlyForDeploymentPostprocessing = 0;
		};
/* End PBXFrameworksBuildPhase section */

/* Begin PBXGroup section */
		354F48112C15CEF800290A4B = {
			isa = PBXGroup;
			children = (
				354F481C2C15CEF800290A4B /* NekomaMap2 */,
				354F481B2C15CEF800290A4B /* Products */,
			);
			sourceTree = "<group>";
		};
		354F481B2C15CEF800290A4B /* Products */ = {
			isa = PBXGroup;
			children = (
				354F481A2C15CEF800290A4B /* NekomaMap2.app */,
			);
			name = Products;
			sourceTree = "<group>";
		};
		354F481C2C15CEF800290A4B /* NekomaMap2 */ = {
			isa = PBXGroup;
			children = (
				E032397E2C1B16C100A6D58B /* EnemyModel.swift */,
				354F481D2C15CEF800290A4B /* NekomaMap2App.swift */,
				357830572C1AD900007043F2 /* LoadingView.swift */,
				357830552C1AD224007043F2 /* StartView.swift */,
				357830592C1AE549007043F2 /* StartViewModel.swift */,
				354F481F2C15CEF800290A4B /* ContentView.swift */,
				35FBC7902C1707EB004F9CD2 /* DungeonScene.swift */,
				FF6598DE2C1AF83100B0F876 /* Enemy.swift */,
				354F482D2C15D8DE00290A4B /* DungeonRoomModel.swift */,
				354F48212C15CEFA00290A4B /* Assets.xcassets */,
				354F48232C15CEFA00290A4B /* Preview Content */,
			);
			path = NekomaMap2;
			sourceTree = "<group>";
		};
		354F48232C15CEFA00290A4B /* Preview Content */ = {
			isa = PBXGroup;
			children = (
				354F48242C15CEFA00290A4B /* Preview Assets.xcassets */,
			);
			path = "Preview Content";
			sourceTree = "<group>";
		};
/* End PBXGroup section */

/* Begin PBXNativeTarget section */
		354F48192C15CEF800290A4B /* NekomaMap2 */ = {
			isa = PBXNativeTarget;
			buildConfigurationList = 354F48282C15CEFA00290A4B /* Build configuration list for PBXNativeTarget "NekomaMap2" */;
			buildPhases = (
				354F48162C15CEF800290A4B /* Sources */,
				354F48172C15CEF800290A4B /* Frameworks */,
				354F48182C15CEF800290A4B /* Resources */,
			);
			buildRules = (
			);
			dependencies = (
			);
			name = NekomaMap2;
			productName = NekomaMap2;
			productReference = 354F481A2C15CEF800290A4B /* NekomaMap2.app */;
			productType = "com.apple.product-type.application";
		};
/* End PBXNativeTarget section */

/* Begin PBXProject section */
		354F48122C15CEF800290A4B /* Project object */ = {
			isa = PBXProject;
			attributes = {
				BuildIndependentTargetsInParallel = 1;
				LastSwiftUpdateCheck = 1540;
				LastUpgradeCheck = 1540;
				TargetAttributes = {
					354F48192C15CEF800290A4B = {
						CreatedOnToolsVersion = 15.4;
					};
				};
			};
			buildConfigurationList = 354F48152C15CEF800290A4B /* Build configuration list for PBXProject "NekomaMap2" */;
			compatibilityVersion = "Xcode 14.0";
			developmentRegion = en;
			hasScannedForEncodings = 0;
			knownRegions = (
				en,
				Base,
			);
			mainGroup = 354F48112C15CEF800290A4B;
			productRefGroup = 354F481B2C15CEF800290A4B /* Products */;
			projectDirPath = "";
			projectRoot = "";
			targets = (
				354F48192C15CEF800290A4B /* NekomaMap2 */,
			);
		};
/* End PBXProject section */

/* Begin PBXResourcesBuildPhase section */
		354F48182C15CEF800290A4B /* Resources */ = {
			isa = PBXResourcesBuildPhase;
			buildActionMask = 2147483647;
			files = (
				354F48252C15CEFA00290A4B /* Preview Assets.xcassets in Resources */,
				354F48222C15CEFA00290A4B /* Assets.xcassets in Resources */,
			);
			runOnlyForDeploymentPostprocessing = 0;
		};
/* End PBXResourcesBuildPhase section */

/* Begin PBXSourcesBuildPhase section */
		354F48162C15CEF800290A4B /* Sources */ = {
			isa = PBXSourcesBuildPhase;
			buildActionMask = 2147483647;
			files = (
				3578305A2C1AE549007043F2 /* StartViewModel.swift in Sources */,
				354F48202C15CEF800290A4B /* ContentView.swift in Sources */,
				357830562C1AD224007043F2 /* StartView.swift in Sources */,
				354F481E2C15CEF800290A4B /* NekomaMap2App.swift in Sources */,
				FF6598DF2C1AF83100B0F876 /* Enemy.swift in Sources */,
				354F482E2C15D8DE00290A4B /* DungeonRoomModel.swift in Sources */,
				35FBC7912C1707EB004F9CD2 /* DungeonScene.swift in Sources */,
				357830582C1AD900007043F2 /* LoadingView.swift in Sources */,
				E032397F2C1B16C100A6D58B /* EnemyModel.swift in Sources */,
			);
			runOnlyForDeploymentPostprocessing = 0;
		};
/* End PBXSourcesBuildPhase section */

/* Begin XCBuildConfiguration section */
		354F48262C15CEFA00290A4B /* Debug */ = {
			isa = XCBuildConfiguration;
			buildSettings = {
				ALWAYS_SEARCH_USER_PATHS = NO;
				ASSETCATALOG_COMPILER_GENERATE_SWIFT_ASSET_SYMBOL_EXTENSIONS = YES;
				CLANG_ANALYZER_NONNULL = YES;
				CLANG_ANALYZER_NUMBER_OBJECT_CONVERSION = YES_AGGRESSIVE;
				CLANG_CXX_LANGUAGE_STANDARD = "gnu++20";
				CLANG_ENABLE_MODULES = YES;
				CLANG_ENABLE_OBJC_ARC = YES;
				CLANG_ENABLE_OBJC_WEAK = YES;
				CLANG_WARN_BLOCK_CAPTURE_AUTORELEASING = YES;
				CLANG_WARN_BOOL_CONVERSION = YES;
				CLANG_WARN_COMMA = YES;
				CLANG_WARN_CONSTANT_CONVERSION = YES;
				CLANG_WARN_DEPRECATED_OBJC_IMPLEMENTATIONS = YES;
				CLANG_WARN_DIRECT_OBJC_ISA_USAGE = YES_ERROR;
				CLANG_WARN_DOCUMENTATION_COMMENTS = YES;
				CLANG_WARN_EMPTY_BODY = YES;
				CLANG_WARN_ENUM_CONVERSION = YES;
				CLANG_WARN_INFINITE_RECURSION = YES;
				CLANG_WARN_INT_CONVERSION = YES;
				CLANG_WARN_NON_LITERAL_NULL_CONVERSION = YES;
				CLANG_WARN_OBJC_IMPLICIT_RETAIN_SELF = YES;
				CLANG_WARN_OBJC_LITERAL_CONVERSION = YES;
				CLANG_WARN_OBJC_ROOT_CLASS = YES_ERROR;
				CLANG_WARN_QUOTED_INCLUDE_IN_FRAMEWORK_HEADER = YES;
				CLANG_WARN_RANGE_LOOP_ANALYSIS = YES;
				CLANG_WARN_STRICT_PROTOTYPES = YES;
				CLANG_WARN_SUSPICIOUS_MOVE = YES;
				CLANG_WARN_UNGUARDED_AVAILABILITY = YES_AGGRESSIVE;
				CLANG_WARN_UNREACHABLE_CODE = YES;
				CLANG_WARN__DUPLICATE_METHOD_MATCH = YES;
				COPY_PHASE_STRIP = NO;
				DEBUG_INFORMATION_FORMAT = dwarf;
				ENABLE_STRICT_OBJC_MSGSEND = YES;
				ENABLE_TESTABILITY = YES;
				ENABLE_USER_SCRIPT_SANDBOXING = YES;
				GCC_C_LANGUAGE_STANDARD = gnu17;
				GCC_DYNAMIC_NO_PIC = NO;
				GCC_NO_COMMON_BLOCKS = YES;
				GCC_OPTIMIZATION_LEVEL = 0;
				GCC_PREPROCESSOR_DEFINITIONS = (
					"DEBUG=1",
					"$(inherited)",
				);
				GCC_WARN_64_TO_32_BIT_CONVERSION = YES;
				GCC_WARN_ABOUT_RETURN_TYPE = YES_ERROR;
				GCC_WARN_UNDECLARED_SELECTOR = YES;
				GCC_WARN_UNINITIALIZED_AUTOS = YES_AGGRESSIVE;
				GCC_WARN_UNUSED_FUNCTION = YES;
				GCC_WARN_UNUSED_VARIABLE = YES;
				IPHONEOS_DEPLOYMENT_TARGET = 17.5;
				LOCALIZATION_PREFERS_STRING_CATALOGS = YES;
				MTL_ENABLE_DEBUG_INFO = INCLUDE_SOURCE;
				MTL_FAST_MATH = YES;
				ONLY_ACTIVE_ARCH = YES;
				SDKROOT = iphoneos;
				SWIFT_ACTIVE_COMPILATION_CONDITIONS = "DEBUG $(inherited)";
				SWIFT_OPTIMIZATION_LEVEL = "-Onone";
			};
			name = Debug;
		};
		354F48272C15CEFA00290A4B /* Release */ = {
			isa = XCBuildConfiguration;
			buildSettings = {
				ALWAYS_SEARCH_USER_PATHS = NO;
				ASSETCATALOG_COMPILER_GENERATE_SWIFT_ASSET_SYMBOL_EXTENSIONS = YES;
				CLANG_ANALYZER_NONNULL = YES;
				CLANG_ANALYZER_NUMBER_OBJECT_CONVERSION = YES_AGGRESSIVE;
				CLANG_CXX_LANGUAGE_STANDARD = "gnu++20";
				CLANG_ENABLE_MODULES = YES;
				CLANG_ENABLE_OBJC_ARC = YES;
				CLANG_ENABLE_OBJC_WEAK = YES;
				CLANG_WARN_BLOCK_CAPTURE_AUTORELEASING = YES;
				CLANG_WARN_BOOL_CONVERSION = YES;
				CLANG_WARN_COMMA = YES;
				CLANG_WARN_CONSTANT_CONVERSION = YES;
				CLANG_WARN_DEPRECATED_OBJC_IMPLEMENTATIONS = YES;
				CLANG_WARN_DIRECT_OBJC_ISA_USAGE = YES_ERROR;
				CLANG_WARN_DOCUMENTATION_COMMENTS = YES;
				CLANG_WARN_EMPTY_BODY = YES;
				CLANG_WARN_ENUM_CONVERSION = YES;
				CLANG_WARN_INFINITE_RECURSION = YES;
				CLANG_WARN_INT_CONVERSION = YES;
				CLANG_WARN_NON_LITERAL_NULL_CONVERSION = YES;
				CLANG_WARN_OBJC_IMPLICIT_RETAIN_SELF = YES;
				CLANG_WARN_OBJC_LITERAL_CONVERSION = YES;
				CLANG_WARN_OBJC_ROOT_CLASS = YES_ERROR;
				CLANG_WARN_QUOTED_INCLUDE_IN_FRAMEWORK_HEADER = YES;
				CLANG_WARN_RANGE_LOOP_ANALYSIS = YES;
				CLANG_WARN_STRICT_PROTOTYPES = YES;
				CLANG_WARN_SUSPICIOUS_MOVE = YES;
				CLANG_WARN_UNGUARDED_AVAILABILITY = YES_AGGRESSIVE;
				CLANG_WARN_UNREACHABLE_CODE = YES;
				CLANG_WARN__DUPLICATE_METHOD_MATCH = YES;
				COPY_PHASE_STRIP = NO;
				DEBUG_INFORMATION_FORMAT = "dwarf-with-dsym";
				ENABLE_NS_ASSERTIONS = NO;
				ENABLE_STRICT_OBJC_MSGSEND = YES;
				ENABLE_USER_SCRIPT_SANDBOXING = YES;
				GCC_C_LANGUAGE_STANDARD = gnu17;
				GCC_NO_COMMON_BLOCKS = YES;
				GCC_WARN_64_TO_32_BIT_CONVERSION = YES;
				GCC_WARN_ABOUT_RETURN_TYPE = YES_ERROR;
				GCC_WARN_UNDECLARED_SELECTOR = YES;
				GCC_WARN_UNINITIALIZED_AUTOS = YES_AGGRESSIVE;
				GCC_WARN_UNUSED_FUNCTION = YES;
				GCC_WARN_UNUSED_VARIABLE = YES;
				IPHONEOS_DEPLOYMENT_TARGET = 17.5;
				LOCALIZATION_PREFERS_STRING_CATALOGS = YES;
				MTL_ENABLE_DEBUG_INFO = NO;
				MTL_FAST_MATH = YES;
				SDKROOT = iphoneos;
				SWIFT_COMPILATION_MODE = wholemodule;
				VALIDATE_PRODUCT = YES;
			};
			name = Release;
		};
		354F48292C15CEFA00290A4B /* Debug */ = {
			isa = XCBuildConfiguration;
			buildSettings = {
				ASSETCATALOG_COMPILER_APPICON_NAME = AppIcon;
				ASSETCATALOG_COMPILER_GLOBAL_ACCENT_COLOR_NAME = AccentColor;
				CODE_SIGN_STYLE = Automatic;
				CURRENT_PROJECT_VERSION = 1;
				DEVELOPMENT_ASSET_PATHS = "\"NekomaMap2/Preview Content\"";
				DEVELOPMENT_TEAM = UC3J8RRB7A;
				ENABLE_PREVIEWS = YES;
				GENERATE_INFOPLIST_FILE = YES;
				INFOPLIST_KEY_UIApplicationSceneManifest_Generation = YES;
				INFOPLIST_KEY_UIApplicationSupportsIndirectInputEvents = YES;
				INFOPLIST_KEY_UILaunchScreen_Generation = YES;
				INFOPLIST_KEY_UISupportedInterfaceOrientations_iPad = "UIInterfaceOrientationPortrait UIInterfaceOrientationPortraitUpsideDown UIInterfaceOrientationLandscapeLeft UIInterfaceOrientationLandscapeRight";
				INFOPLIST_KEY_UISupportedInterfaceOrientations_iPhone = "UIInterfaceOrientationPortrait UIInterfaceOrientationLandscapeLeft UIInterfaceOrientationLandscapeRight";
				LD_RUNPATH_SEARCH_PATHS = (
					"$(inherited)",
					"@executable_path/Frameworks",
				);
				MARKETING_VERSION = 1.0;
				PRODUCT_BUNDLE_IDENTIFIER = jen.NekomaMap2;
				PRODUCT_NAME = "$(TARGET_NAME)";
				SWIFT_EMIT_LOC_STRINGS = YES;
				SWIFT_VERSION = 5.0;
				TARGETED_DEVICE_FAMILY = "1,2";
			};
			name = Debug;
		};
		354F482A2C15CEFA00290A4B /* Release */ = {
			isa = XCBuildConfiguration;
			buildSettings = {
				ASSETCATALOG_COMPILER_APPICON_NAME = AppIcon;
				ASSETCATALOG_COMPILER_GLOBAL_ACCENT_COLOR_NAME = AccentColor;
				CODE_SIGN_STYLE = Automatic;
				CURRENT_PROJECT_VERSION = 1;
				DEVELOPMENT_ASSET_PATHS = "\"NekomaMap2/Preview Content\"";
				DEVELOPMENT_TEAM = UC3J8RRB7A;
				ENABLE_PREVIEWS = YES;
				GENERATE_INFOPLIST_FILE = YES;
				INFOPLIST_KEY_UIApplicationSceneManifest_Generation = YES;
				INFOPLIST_KEY_UIApplicationSupportsIndirectInputEvents = YES;
				INFOPLIST_KEY_UILaunchScreen_Generation = YES;
				INFOPLIST_KEY_UISupportedInterfaceOrientations_iPad = "UIInterfaceOrientationPortrait UIInterfaceOrientationPortraitUpsideDown UIInterfaceOrientationLandscapeLeft UIInterfaceOrientationLandscapeRight";
				INFOPLIST_KEY_UISupportedInterfaceOrientations_iPhone = "UIInterfaceOrientationPortrait UIInterfaceOrientationLandscapeLeft UIInterfaceOrientationLandscapeRight";
				LD_RUNPATH_SEARCH_PATHS = (
					"$(inherited)",
					"@executable_path/Frameworks",
				);
				MARKETING_VERSION = 1.0;
				PRODUCT_BUNDLE_IDENTIFIER = jen.NekomaMap2;
				PRODUCT_NAME = "$(TARGET_NAME)";
				SWIFT_EMIT_LOC_STRINGS = YES;
				SWIFT_VERSION = 5.0;
				TARGETED_DEVICE_FAMILY = "1,2";
			};
			name = Release;
		};
/* End XCBuildConfiguration section */

/* Begin XCConfigurationList section */
		354F48152C15CEF800290A4B /* Build configuration list for PBXProject "NekomaMap2" */ = {
			isa = XCConfigurationList;
			buildConfigurations = (
				354F48262C15CEFA00290A4B /* Debug */,
				354F48272C15CEFA00290A4B /* Release */,
			);
			defaultConfigurationIsVisible = 0;
			defaultConfigurationName = Release;
		};
		354F48282C15CEFA00290A4B /* Build configuration list for PBXNativeTarget "NekomaMap2" */ = {
			isa = XCConfigurationList;
			buildConfigurations = (
				354F48292C15CEFA00290A4B /* Debug */,
				354F482A2C15CEFA00290A4B /* Release */,
			);
			defaultConfigurationIsVisible = 0;
			defaultConfigurationName = Release;
		};
/* End XCConfigurationList section */
	};
	rootObject = 354F48122C15CEF800290A4B /* Project object */;
}
